
Microsoft Visual Studio Solution File, Format Version 12.00
# Visual Studio Version 17
VisualStudioVersion = 17.3.32901.215
MinimumVisualStudioVersion = 10.0.40219.1
Project("{FAE04EC0-301F-11D3-BF4B-00C04F79EFBC}") = "ToDoListDiagram", "ToDoListDiagram\ToDoListDiagram.csproj", "{7AFC1014-D883-47D3-9B67-13FF0581F798}"
EndProject
Global
	GlobalSection(SolutionConfigurationPlatforms) = preSolution
		Debug|Any CPU = Debug|Any CPU
		Release|Any CPU = Release|Any CPU
	EndGlobalSection
	GlobalSection(ProjectConfigurationPlatforms) = postSolution
		{7AFC1014-D883-47D3-9B67-13FF0581F798}.Debug|Any CPU.ActiveCfg = Debug|Any CPU
		{7AFC1014-D883-47D3-9B67-13FF0581F798}.Debug|Any CPU.Build.0 = Debug|Any CPU
		{7AFC1014-D883-47D3-9B67-13FF0581F798}.Release|Any CPU.ActiveCfg = Release|Any CPU
		{7AFC1014-D883-47D3-9B67-13FF0581F798}.Release|Any CPU.Build.0 = Release|Any CPU
	EndGlobalSection
	GlobalSection(SolutionProperties) = preSolution
		HideSolutionNode = FALSE
	EndGlobalSection
	GlobalSection(ExtensibilityGlobals) = postSolution
		SolutionGuid = {0D4CE042-AC8F-4457-8B44-6AFAA8F00E46}
	EndGlobalSection
EndGlobal
